// !$*UTF8*$!
{
	archiveVersion = 1;
	classes = {
	};
	objectVersion = 55;
	objects = {

/* Begin PBXBuildFile section */
		0E04F2E72738EB6E00C29649 /* FirebaseAuth in Frameworks */ = {isa = PBXBuildFile; productRef = 0E04F2E62738EB6E00C29649 /* FirebaseAuth */; };
		0E0500372735F73500D7FFCD /* PupGoApp.swift in Sources */ = {isa = PBXBuildFile; fileRef = 0E0500272735F72E00D7FFCD /* PupGoApp.swift */; };
		0E0500382735F73500D7FFCD /* PupGoApp.swift in Sources */ = {isa = PBXBuildFile; fileRef = 0E0500272735F72E00D7FFCD /* PupGoApp.swift */; };
		0E0500392735F73500D7FFCD /* MainView.swift in Sources */ = {isa = PBXBuildFile; fileRef = 0E0500282735F72E00D7FFCD /* MainView.swift */; };
		0E05003A2735F73500D7FFCD /* MainView.swift in Sources */ = {isa = PBXBuildFile; fileRef = 0E0500282735F72E00D7FFCD /* MainView.swift */; };
		0E05003B2735F73500D7FFCD /* Assets.xcassets in Resources */ = {isa = PBXBuildFile; fileRef = 0E0500292735F73500D7FFCD /* Assets.xcassets */; };
		0E05003C2735F73500D7FFCD /* Assets.xcassets in Resources */ = {isa = PBXBuildFile; fileRef = 0E0500292735F73500D7FFCD /* Assets.xcassets */; };
		0E050047273629CF00D7FFCD /* SettingView.swift in Sources */ = {isa = PBXBuildFile; fileRef = 0E050046273629CF00D7FFCD /* SettingView.swift */; };
		0E050048273629CF00D7FFCD /* SettingView.swift in Sources */ = {isa = PBXBuildFile; fileRef = 0E050046273629CF00D7FFCD /* SettingView.swift */; };
		0E05004C27362A0E00D7FFCD /* ExplorationView.swift in Sources */ = {isa = PBXBuildFile; fileRef = 0E05004B27362A0E00D7FFCD /* ExplorationView.swift */; };
		0E05004D27362A0E00D7FFCD /* ExplorationView.swift in Sources */ = {isa = PBXBuildFile; fileRef = 0E05004B27362A0E00D7FFCD /* ExplorationView.swift */; };
		0E05005027362A2E00D7FFCD /* NotificationView.swift in Sources */ = {isa = PBXBuildFile; fileRef = 0E05004F27362A2E00D7FFCD /* NotificationView.swift */; };
		0E05005127362A2E00D7FFCD /* NotificationView.swift in Sources */ = {isa = PBXBuildFile; fileRef = 0E05004F27362A2E00D7FFCD /* NotificationView.swift */; };
		0E05005427362A6900D7FFCD /* MatchingView.swift in Sources */ = {isa = PBXBuildFile; fileRef = 0E05005327362A6900D7FFCD /* MatchingView.swift */; };
		0E05005527362A6900D7FFCD /* MatchingView.swift in Sources */ = {isa = PBXBuildFile; fileRef = 0E05005327362A6900D7FFCD /* MatchingView.swift */; };
		0E05005827362D5600D7FFCD /* LoginView.swift in Sources */ = {isa = PBXBuildFile; fileRef = 0E05005727362D5600D7FFCD /* LoginView.swift */; };
		0E05005927362D5600D7FFCD /* LoginView.swift in Sources */ = {isa = PBXBuildFile; fileRef = 0E05005727362D5600D7FFCD /* LoginView.swift */; };
		0E5233F2274B25FB008B1CB0 /* Queries.graphql in Resources */ = {isa = PBXBuildFile; fileRef = 0E5233F1274B25FB008B1CB0 /* Queries.graphql */; };
		0E5233F4274B260C008B1CB0 /* Apollo.swift in Sources */ = {isa = PBXBuildFile; fileRef = 0E5233F3274B260C008B1CB0 /* Apollo.swift */; };
		0E558458273B47A400BCFFB0 /* SwipeCard.swift in Sources */ = {isa = PBXBuildFile; fileRef = 0E558457273B47A400BCFFB0 /* SwipeCard.swift */; };
		0E558459273B47A400BCFFB0 /* SwipeCard.swift in Sources */ = {isa = PBXBuildFile; fileRef = 0E558457273B47A400BCFFB0 /* SwipeCard.swift */; };
		0E5AB08B274F6F7300AE65BA /* Observer.swift in Sources */ = {isa = PBXBuildFile; fileRef = 0E5AB08A274F6F7300AE65BA /* Observer.swift */; };
		0E5AB08C274F6F7300AE65BA /* Observer.swift in Sources */ = {isa = PBXBuildFile; fileRef = 0E5AB08A274F6F7300AE65BA /* Observer.swift */; };
		0E5AB08E2751F23600AE65BA /* ImageLoader.swift in Sources */ = {isa = PBXBuildFile; fileRef = 0E5AB08D2751F23600AE65BA /* ImageLoader.swift */; };
		0E5AB08F2751F23600AE65BA /* ImageLoader.swift in Sources */ = {isa = PBXBuildFile; fileRef = 0E5AB08D2751F23600AE65BA /* ImageLoader.swift */; };
		0E5AB0912751F49100AE65BA /* ImageLoaderView.swift in Sources */ = {isa = PBXBuildFile; fileRef = 0E5AB0902751F49100AE65BA /* ImageLoaderView.swift */; };
		0E5AB0922751F49100AE65BA /* ImageLoaderView.swift in Sources */ = {isa = PBXBuildFile; fileRef = 0E5AB0902751F49100AE65BA /* ImageLoaderView.swift */; };
		0E5AB0942752491700AE65BA /* DogCardView.swift in Sources */ = {isa = PBXBuildFile; fileRef = 0E5AB0932752491700AE65BA /* DogCardView.swift */; };
		0E5AB0952752491700AE65BA /* DogCardView.swift in Sources */ = {isa = PBXBuildFile; fileRef = 0E5AB0932752491700AE65BA /* DogCardView.swift */; };
		0E5D1576274B40E500983ACC /* AppleLogin.swift in Sources */ = {isa = PBXBuildFile; fileRef = 0E5D1575274B40E500983ACC /* AppleLogin.swift */; };
		0E5D1577274B40E500983ACC /* AppleLogin.swift in Sources */ = {isa = PBXBuildFile; fileRef = 0E5D1575274B40E500983ACC /* AppleLogin.swift */; };
		0E7D2F4C2738F9EC0056DE92 /* FacebookLogin in Frameworks */ = {isa = PBXBuildFile; productRef = 0E7D2F4B2738F9EC0056DE92 /* FacebookLogin */; };
		0E7D2F4E2738FA120056DE92 /* FBLoginView.swift in Sources */ = {isa = PBXBuildFile; fileRef = 0E7D2F4D2738FA120056DE92 /* FBLoginView.swift */; };
		0E7D2F4F2738FA120056DE92 /* FBLoginView.swift in Sources */ = {isa = PBXBuildFile; fileRef = 0E7D2F4D2738FA120056DE92 /* FBLoginView.swift */; };
		0E804027274B6A8B0086DA03 /* Apollo in Frameworks */ = {isa = PBXBuildFile; productRef = 0E804026274B6A8B0086DA03 /* Apollo */; };
		0E804029274B7C8C0086DA03 /* ApolloView.swift in Sources */ = {isa = PBXBuildFile; fileRef = 0E804028274B7C8C0086DA03 /* ApolloView.swift */; };
		0E80402B274B85420086DA03 /* FirebaseMessaging in Frameworks */ = {isa = PBXBuildFile; productRef = 0E80402A274B85420086DA03 /* FirebaseMessaging */; };
		0E8A2E1C2741F18500081719 /* Event.swift in Sources */ = {isa = PBXBuildFile; fileRef = 0E8A2E1B2741F18500081719 /* Event.swift */; };
		0E8A2E1D2741F18500081719 /* Event.swift in Sources */ = {isa = PBXBuildFile; fileRef = 0E8A2E1B2741F18500081719 /* Event.swift */; };
		0E8A2E1F2741F1A800081719 /* ImagePicker.swift in Sources */ = {isa = PBXBuildFile; fileRef = 0E8A2E1E2741F1A800081719 /* ImagePicker.swift */; };
		0E8A2E202741F1A800081719 /* ImagePicker.swift in Sources */ = {isa = PBXBuildFile; fileRef = 0E8A2E1E2741F1A800081719 /* ImagePicker.swift */; };
		0E8A2E252741F20400081719 /* CreateEventContentView.swift in Sources */ = {isa = PBXBuildFile; fileRef = 0E8A2E242741F20400081719 /* CreateEventContentView.swift */; };
		0E8A2E262741F20400081719 /* CreateEventContentView.swift in Sources */ = {isa = PBXBuildFile; fileRef = 0E8A2E242741F20400081719 /* CreateEventContentView.swift */; };
		0E8A2E282741F24C00081719 /* EventExploreContentView.swift in Sources */ = {isa = PBXBuildFile; fileRef = 0E8A2E272741F24C00081719 /* EventExploreContentView.swift */; };
		0E8A2E292741F24C00081719 /* EventExploreContentView.swift in Sources */ = {isa = PBXBuildFile; fileRef = 0E8A2E272741F24C00081719 /* EventExploreContentView.swift */; };
		0E8A2E2B2741F26E00081719 /* SingleEventView.swift in Sources */ = {isa = PBXBuildFile; fileRef = 0E8A2E2A2741F26E00081719 /* SingleEventView.swift */; };
		0E8A2E2C2741F26E00081719 /* SingleEventView.swift in Sources */ = {isa = PBXBuildFile; fileRef = 0E8A2E2A2741F26E00081719 /* SingleEventView.swift */; };
		0E8A2E2E2741F8A100081719 /* Card.swift in Sources */ = {isa = PBXBuildFile; fileRef = 0E8A2E2D2741F8A100081719 /* Card.swift */; };
		0E8A2E2F2741F8A100081719 /* Card.swift in Sources */ = {isa = PBXBuildFile; fileRef = 0E8A2E2D2741F8A100081719 /* Card.swift */; };
		0E8A2E342741FA4800081719 /* FriendsEventView.swift in Sources */ = {isa = PBXBuildFile; fileRef = 0E8A2E332741FA4800081719 /* FriendsEventView.swift */; };
		0E8A2E352741FA4800081719 /* FriendsEventView.swift in Sources */ = {isa = PBXBuildFile; fileRef = 0E8A2E332741FA4800081719 /* FriendsEventView.swift */; };
		0E8A2E372741FA6200081719 /* JoinRequestView.swift in Sources */ = {isa = PBXBuildFile; fileRef = 0E8A2E362741FA6200081719 /* JoinRequestView.swift */; };
		0E8A2E382741FA6200081719 /* JoinRequestView.swift in Sources */ = {isa = PBXBuildFile; fileRef = 0E8A2E362741FA6200081719 /* JoinRequestView.swift */; };
		0E8A2E3D2741FA8E00081719 /* UserEventView.swift in Sources */ = {isa = PBXBuildFile; fileRef = 0E8A2E3C2741FA8E00081719 /* UserEventView.swift */; };
		0E8A2E3E2741FA8E00081719 /* UserEventView.swift in Sources */ = {isa = PBXBuildFile; fileRef = 0E8A2E3C2741FA8E00081719 /* UserEventView.swift */; };
		0EB96C2C2738ABA100C9A656 /* GoogleSignIn in Frameworks */ = {isa = PBXBuildFile; productRef = 0EB96C2B2738ABA100C9A656 /* GoogleSignIn */; };
		0EB96C2E2738AD7200C9A656 /* GoogleService-Info.plist in Resources */ = {isa = PBXBuildFile; fileRef = 0EB96C2D2738AD7200C9A656 /* GoogleService-Info.plist */; };
		0EB96C2F2738AD7200C9A656 /* GoogleService-Info.plist in Resources */ = {isa = PBXBuildFile; fileRef = 0EB96C2D2738AD7200C9A656 /* GoogleService-Info.plist */; };
		0EB96C322738BB6900C9A656 /* AppleLoginView.swift in Sources */ = {isa = PBXBuildFile; fileRef = 0EB96C312738BB6900C9A656 /* AppleLoginView.swift */; };
		0EB96C332738BB6900C9A656 /* AppleLoginView.swift in Sources */ = {isa = PBXBuildFile; fileRef = 0EB96C312738BB6900C9A656 /* AppleLoginView.swift */; };
		0EB96C352738BD5D00C9A656 /* GoogleLoginView.swift in Sources */ = {isa = PBXBuildFile; fileRef = 0EB96C342738BD5D00C9A656 /* GoogleLoginView.swift */; };
		0EB96C362738BD5D00C9A656 /* GoogleLoginView.swift in Sources */ = {isa = PBXBuildFile; fileRef = 0EB96C342738BD5D00C9A656 /* GoogleLoginView.swift */; };
		0EBD8A1E2743851D008EBBDC /* SignInView.swift in Sources */ = {isa = PBXBuildFile; fileRef = 0EBD8A1D2743851D008EBBDC /* SignInView.swift */; };
		0EBD8A1F2743851D008EBBDC /* SignInView.swift in Sources */ = {isa = PBXBuildFile; fileRef = 0EBD8A1D2743851D008EBBDC /* SignInView.swift */; };
		0EBD8A21274393CA008EBBDC /* SignUpView.swift in Sources */ = {isa = PBXBuildFile; fileRef = 0EBD8A20274393CA008EBBDC /* SignUpView.swift */; };
		0EBD8A22274393CA008EBBDC /* SignUpView.swift in Sources */ = {isa = PBXBuildFile; fileRef = 0EBD8A20274393CA008EBBDC /* SignUpView.swift */; };
		0EC444A8275319B100A3356B /* schema.json in Resources */ = {isa = PBXBuildFile; fileRef = 0EC444A7275319B100A3356B /* schema.json */; };
		0EC444AA275321AC00A3356B /* DogInfoView.swift in Sources */ = {isa = PBXBuildFile; fileRef = 0EC444A9275321AC00A3356B /* DogInfoView.swift */; };
		0EC444AC275326B800A3356B /* API.swift in Sources */ = {isa = PBXBuildFile; fileRef = 0EC444AB275326B800A3356B /* API.swift */; };
		0EDC6C69274985B100E74119 /* ManageDogProfileView.swift in Sources */ = {isa = PBXBuildFile; fileRef = 0EDC6C68274985B100E74119 /* ManageDogProfileView.swift */; };
		0EDC6C6A274985B100E74119 /* ManageDogProfileView.swift in Sources */ = {isa = PBXBuildFile; fileRef = 0EDC6C68274985B100E74119 /* ManageDogProfileView.swift */; };
		0EDC6C6C2749860600E74119 /* AddDogProfileView.swift in Sources */ = {isa = PBXBuildFile; fileRef = 0EDC6C6B2749860600E74119 /* AddDogProfileView.swift */; };
		0EDC6C6D2749860600E74119 /* AddDogProfileView.swift in Sources */ = {isa = PBXBuildFile; fileRef = 0EDC6C6B2749860600E74119 /* AddDogProfileView.swift */; };
		0EFC29BE27473D7C000D6D17 /* DogProfile.swift in Sources */ = {isa = PBXBuildFile; fileRef = 0EFC29BD27473D7C000D6D17 /* DogProfile.swift */; };
		0EFC29BF27473D7C000D6D17 /* DogProfile.swift in Sources */ = {isa = PBXBuildFile; fileRef = 0EFC29BD27473D7C000D6D17 /* DogProfile.swift */; };
		0EFC29C127473D92000D6D17 /* DogProfileView.swift in Sources */ = {isa = PBXBuildFile; fileRef = 0EFC29C027473D92000D6D17 /* DogProfileView.swift */; };
		0EFC29C227473D92000D6D17 /* DogProfileView.swift in Sources */ = {isa = PBXBuildFile; fileRef = 0EFC29C027473D92000D6D17 /* DogProfileView.swift */; };
		0EFC29C427473DB2000D6D17 /* EditDogProfileView.swift in Sources */ = {isa = PBXBuildFile; fileRef = 0EFC29C327473DB2000D6D17 /* EditDogProfileView.swift */; };
		0EFC29C527473DB2000D6D17 /* EditDogProfileView.swift in Sources */ = {isa = PBXBuildFile; fileRef = 0EFC29C327473DB2000D6D17 /* EditDogProfileView.swift */; };
		0EFC29C727473DC8000D6D17 /* EditUserProfileView.swift in Sources */ = {isa = PBXBuildFile; fileRef = 0EFC29C627473DC8000D6D17 /* EditUserProfileView.swift */; };
		0EFC29C827473DC8000D6D17 /* EditUserProfileView.swift in Sources */ = {isa = PBXBuildFile; fileRef = 0EFC29C627473DC8000D6D17 /* EditUserProfileView.swift */; };
		0EFC29CA27473DEF000D6D17 /* UserProfile.swift in Sources */ = {isa = PBXBuildFile; fileRef = 0EFC29C927473DEF000D6D17 /* UserProfile.swift */; };
		0EFC29CB27473DEF000D6D17 /* UserProfile.swift in Sources */ = {isa = PBXBuildFile; fileRef = 0EFC29C927473DEF000D6D17 /* UserProfile.swift */; };
		0EFC29CD27473E04000D6D17 /* UserProfileView.swift in Sources */ = {isa = PBXBuildFile; fileRef = 0EFC29CC27473E04000D6D17 /* UserProfileView.swift */; };
		0EFC29CE27473E04000D6D17 /* UserProfileView.swift in Sources */ = {isa = PBXBuildFile; fileRef = 0EFC29CC27473E04000D6D17 /* UserProfileView.swift */; };
		0EFC2A1B274765CE000D6D17 /* AnimationTestView.swift in Sources */ = {isa = PBXBuildFile; fileRef = 0EFC2A1A274765CE000D6D17 /* AnimationTestView.swift */; };
		0EFC2A1C274765CE000D6D17 /* AnimationTestView.swift in Sources */ = {isa = PBXBuildFile; fileRef = 0EFC2A1A274765CE000D6D17 /* AnimationTestView.swift */; };
		0EFC2A1F2748CEEA000D6D17 /* CurvedTabView.swift in Sources */ = {isa = PBXBuildFile; fileRef = 0EFC2A1E2748CEEA000D6D17 /* CurvedTabView.swift */; };
		0EFC2A212748D275000D6D17 /* TabEffect.swift in Sources */ = {isa = PBXBuildFile; fileRef = 0EFC2A202748D275000D6D17 /* TabEffect.swift */; };
		0EFC2A232748D683000D6D17 /* ButtonCurve.swift in Sources */ = {isa = PBXBuildFile; fileRef = 0EFC2A222748D683000D6D17 /* ButtonCurve.swift */; };
		DD196421274C7C2900A0B56C /* Join.swift in Sources */ = {isa = PBXBuildFile; fileRef = DD196420274C7C2900A0B56C /* Join.swift */; };
		DD196422274C7C2900A0B56C /* Join.swift in Sources */ = {isa = PBXBuildFile; fileRef = DD196420274C7C2900A0B56C /* Join.swift */; };
		DD196424274C7C8900A0B56C /* UEvent.swift in Sources */ = {isa = PBXBuildFile; fileRef = DD196423274C7C8900A0B56C /* UEvent.swift */; };
		DD196425274C7C8900A0B56C /* UEvent.swift in Sources */ = {isa = PBXBuildFile; fileRef = DD196423274C7C8900A0B56C /* UEvent.swift */; };
		DD196427274C7CA800A0B56C /* FEvent.swift in Sources */ = {isa = PBXBuildFile; fileRef = DD196426274C7CA800A0B56C /* FEvent.swift */; };
		DD196428274C7CA800A0B56C /* FEvent.swift in Sources */ = {isa = PBXBuildFile; fileRef = DD196426274C7CA800A0B56C /* FEvent.swift */; };
		DDBEFF73275201E100EEC6B7 /* dateFormatter.swift in Sources */ = {isa = PBXBuildFile; fileRef = DDBEFF72275201E100EEC6B7 /* dateFormatter.swift */; };
		DDBEFF74275201E100EEC6B7 /* dateFormatter.swift in Sources */ = {isa = PBXBuildFile; fileRef = DDBEFF72275201E100EEC6B7 /* dateFormatter.swift */; };
		F53B93F7BA145C11C653F177 /* Pods_PupGo__macOS_.framework in Frameworks */ = {isa = PBXBuildFile; fileRef = 151C9617017F59926968EC58 /* Pods_PupGo__macOS_.framework */; };
/* End PBXBuildFile section */

/* Begin PBXCopyFilesBuildPhase section */
		0E5D1573274B315A00983ACC /* Embed Frameworks */ = {
			isa = PBXCopyFilesBuildPhase;
			buildActionMask = 2147483647;
			dstPath = "";
			dstSubfolderSpec = 10;
			files = (
			);
			name = "Embed Frameworks";
			runOnlyForDeploymentPostprocessing = 0;
		};
/* End PBXCopyFilesBuildPhase section */

/* Begin PBXFileReference section */
		0E04F2E82738EC7900C29649 /* PupGo.app */ = {isa = PBXFileReference; explicitFileType = wrapper.application; includeInIndex = 0; path = PupGo.app; sourceTree = BUILT_PRODUCTS_DIR; };
		0E04F2E92738EC7900C29649 /* PupGo.app */ = {isa = PBXFileReference; explicitFileType = wrapper.application; includeInIndex = 0; path = PupGo.app; sourceTree = BUILT_PRODUCTS_DIR; };
		0E0500272735F72E00D7FFCD /* PupGoApp.swift */ = {isa = PBXFileReference; lastKnownFileType = sourcecode.swift; path = PupGoApp.swift; sourceTree = "<group>"; };
		0E0500282735F72E00D7FFCD /* MainView.swift */ = {isa = PBXFileReference; lastKnownFileType = sourcecode.swift; path = MainView.swift; sourceTree = "<group>"; };
		0E0500292735F73500D7FFCD /* Assets.xcassets */ = {isa = PBXFileReference; lastKnownFileType = folder.assetcatalog; path = Assets.xcassets; sourceTree = "<group>"; };
		0E0500362735F73500D7FFCD /* macOS.entitlements */ = {isa = PBXFileReference; lastKnownFileType = text.plist.entitlements; path = macOS.entitlements; sourceTree = "<group>"; };
		0E050046273629CF00D7FFCD /* SettingView.swift */ = {isa = PBXFileReference; lastKnownFileType = sourcecode.swift; path = SettingView.swift; sourceTree = "<group>"; };
		0E05004B27362A0E00D7FFCD /* ExplorationView.swift */ = {isa = PBXFileReference; lastKnownFileType = sourcecode.swift; path = ExplorationView.swift; sourceTree = "<group>"; };
		0E05004F27362A2E00D7FFCD /* NotificationView.swift */ = {isa = PBXFileReference; lastKnownFileType = sourcecode.swift; path = NotificationView.swift; sourceTree = "<group>"; };
		0E05005327362A6900D7FFCD /* MatchingView.swift */ = {isa = PBXFileReference; lastKnownFileType = sourcecode.swift; path = MatchingView.swift; sourceTree = "<group>"; };
		0E05005727362D5600D7FFCD /* LoginView.swift */ = {isa = PBXFileReference; lastKnownFileType = sourcecode.swift; path = LoginView.swift; sourceTree = "<group>"; };
		0E5233F1274B25FB008B1CB0 /* Queries.graphql */ = {isa = PBXFileReference; lastKnownFileType = text; path = Queries.graphql; sourceTree = "<group>"; };
		0E5233F3274B260C008B1CB0 /* Apollo.swift */ = {isa = PBXFileReference; lastKnownFileType = sourcecode.swift; path = Apollo.swift; sourceTree = "<group>"; };
		0E558457273B47A400BCFFB0 /* SwipeCard.swift */ = {isa = PBXFileReference; lastKnownFileType = sourcecode.swift; path = SwipeCard.swift; sourceTree = "<group>"; };
		0E5AB08A274F6F7300AE65BA /* Observer.swift */ = {isa = PBXFileReference; lastKnownFileType = sourcecode.swift; path = Observer.swift; sourceTree = "<group>"; };
		0E5AB08D2751F23600AE65BA /* ImageLoader.swift */ = {isa = PBXFileReference; lastKnownFileType = sourcecode.swift; path = ImageLoader.swift; sourceTree = "<group>"; };
		0E5AB0902751F49100AE65BA /* ImageLoaderView.swift */ = {isa = PBXFileReference; lastKnownFileType = sourcecode.swift; path = ImageLoaderView.swift; sourceTree = "<group>"; };
		0E5AB0932752491700AE65BA /* DogCardView.swift */ = {isa = PBXFileReference; lastKnownFileType = sourcecode.swift; path = DogCardView.swift; sourceTree = "<group>"; };
		0E5D1574274B3D1C00983ACC /* PupGo (iOS).entitlements */ = {isa = PBXFileReference; lastKnownFileType = text.plist.entitlements; path = "PupGo (iOS).entitlements"; sourceTree = "<group>"; };
		0E5D1575274B40E500983ACC /* AppleLogin.swift */ = {isa = PBXFileReference; lastKnownFileType = sourcecode.swift; path = AppleLogin.swift; sourceTree = "<group>"; };
		0E7D2F4D2738FA120056DE92 /* FBLoginView.swift */ = {isa = PBXFileReference; lastKnownFileType = sourcecode.swift; path = FBLoginView.swift; sourceTree = "<group>"; };
		0E804028274B7C8C0086DA03 /* ApolloView.swift */ = {isa = PBXFileReference; lastKnownFileType = sourcecode.swift; path = ApolloView.swift; sourceTree = "<group>"; };
		0E8A2E1B2741F18500081719 /* Event.swift */ = {isa = PBXFileReference; lastKnownFileType = sourcecode.swift; path = Event.swift; sourceTree = "<group>"; };
		0E8A2E1E2741F1A800081719 /* ImagePicker.swift */ = {isa = PBXFileReference; lastKnownFileType = sourcecode.swift; path = ImagePicker.swift; sourceTree = "<group>"; };
		0E8A2E242741F20400081719 /* CreateEventContentView.swift */ = {isa = PBXFileReference; lastKnownFileType = sourcecode.swift; path = CreateEventContentView.swift; sourceTree = "<group>"; };
		0E8A2E272741F24C00081719 /* EventExploreContentView.swift */ = {isa = PBXFileReference; lastKnownFileType = sourcecode.swift; path = EventExploreContentView.swift; sourceTree = "<group>"; };
		0E8A2E2A2741F26E00081719 /* SingleEventView.swift */ = {isa = PBXFileReference; lastKnownFileType = sourcecode.swift; path = SingleEventView.swift; sourceTree = "<group>"; };
		0E8A2E2D2741F8A100081719 /* Card.swift */ = {isa = PBXFileReference; lastKnownFileType = sourcecode.swift; path = Card.swift; sourceTree = "<group>"; };
		0E8A2E332741FA4800081719 /* FriendsEventView.swift */ = {isa = PBXFileReference; lastKnownFileType = sourcecode.swift; path = FriendsEventView.swift; sourceTree = "<group>"; };
		0E8A2E362741FA6200081719 /* JoinRequestView.swift */ = {isa = PBXFileReference; lastKnownFileType = sourcecode.swift; path = JoinRequestView.swift; sourceTree = "<group>"; };
		0E8A2E3C2741FA8E00081719 /* UserEventView.swift */ = {isa = PBXFileReference; lastKnownFileType = sourcecode.swift; path = UserEventView.swift; sourceTree = "<group>"; };
		0EB96C2D2738AD7200C9A656 /* GoogleService-Info.plist */ = {isa = PBXFileReference; fileEncoding = 4; lastKnownFileType = text.plist.xml; path = "GoogleService-Info.plist"; sourceTree = "<group>"; };
		0EB96C302738ADB800C9A656 /* PupGo--iOS--Info.plist */ = {isa = PBXFileReference; lastKnownFileType = text.plist; path = "PupGo--iOS--Info.plist"; sourceTree = "<group>"; };
		0EB96C312738BB6900C9A656 /* AppleLoginView.swift */ = {isa = PBXFileReference; lastKnownFileType = sourcecode.swift; path = AppleLoginView.swift; sourceTree = "<group>"; };
		0EB96C342738BD5D00C9A656 /* GoogleLoginView.swift */ = {isa = PBXFileReference; lastKnownFileType = sourcecode.swift; path = GoogleLoginView.swift; sourceTree = "<group>"; };
		0EBD8A1D2743851D008EBBDC /* SignInView.swift */ = {isa = PBXFileReference; lastKnownFileType = sourcecode.swift; path = SignInView.swift; sourceTree = "<group>"; };
		0EBD8A20274393CA008EBBDC /* SignUpView.swift */ = {isa = PBXFileReference; lastKnownFileType = sourcecode.swift; path = SignUpView.swift; sourceTree = "<group>"; };
		0EC444A7275319B100A3356B /* schema.json */ = {isa = PBXFileReference; lastKnownFileType = text.json; path = schema.json; sourceTree = "<group>"; };
		0EC444A9275321AC00A3356B /* DogInfoView.swift */ = {isa = PBXFileReference; lastKnownFileType = sourcecode.swift; path = DogInfoView.swift; sourceTree = "<group>"; };
		0EC444AB275326B800A3356B /* API.swift */ = {isa = PBXFileReference; fileEncoding = 4; lastKnownFileType = sourcecode.swift; path = API.swift; sourceTree = "<group>"; };
		0EDC6C68274985B100E74119 /* ManageDogProfileView.swift */ = {isa = PBXFileReference; lastKnownFileType = sourcecode.swift; path = ManageDogProfileView.swift; sourceTree = "<group>"; };
		0EDC6C6B2749860600E74119 /* AddDogProfileView.swift */ = {isa = PBXFileReference; lastKnownFileType = sourcecode.swift; path = AddDogProfileView.swift; sourceTree = "<group>"; };
		0EFC29BD27473D7C000D6D17 /* DogProfile.swift */ = {isa = PBXFileReference; lastKnownFileType = sourcecode.swift; path = DogProfile.swift; sourceTree = "<group>"; };
		0EFC29C027473D92000D6D17 /* DogProfileView.swift */ = {isa = PBXFileReference; lastKnownFileType = sourcecode.swift; path = DogProfileView.swift; sourceTree = "<group>"; };
		0EFC29C327473DB2000D6D17 /* EditDogProfileView.swift */ = {isa = PBXFileReference; lastKnownFileType = sourcecode.swift; path = EditDogProfileView.swift; sourceTree = "<group>"; };
		0EFC29C627473DC8000D6D17 /* EditUserProfileView.swift */ = {isa = PBXFileReference; lastKnownFileType = sourcecode.swift; path = EditUserProfileView.swift; sourceTree = "<group>"; };
		0EFC29C927473DEF000D6D17 /* UserProfile.swift */ = {isa = PBXFileReference; lastKnownFileType = sourcecode.swift; path = UserProfile.swift; sourceTree = "<group>"; };
		0EFC29CC27473E04000D6D17 /* UserProfileView.swift */ = {isa = PBXFileReference; lastKnownFileType = sourcecode.swift; path = UserProfileView.swift; sourceTree = "<group>"; };
		0EFC2A1A274765CE000D6D17 /* AnimationTestView.swift */ = {isa = PBXFileReference; lastKnownFileType = sourcecode.swift; path = AnimationTestView.swift; sourceTree = "<group>"; };
		0EFC2A1E2748CEEA000D6D17 /* CurvedTabView.swift */ = {isa = PBXFileReference; lastKnownFileType = sourcecode.swift; path = CurvedTabView.swift; sourceTree = "<group>"; };
		0EFC2A202748D275000D6D17 /* TabEffect.swift */ = {isa = PBXFileReference; lastKnownFileType = sourcecode.swift; path = TabEffect.swift; sourceTree = "<group>"; };
		0EFC2A222748D683000D6D17 /* ButtonCurve.swift */ = {isa = PBXFileReference; lastKnownFileType = sourcecode.swift; path = ButtonCurve.swift; sourceTree = "<group>"; };
		151C9617017F59926968EC58 /* Pods_PupGo__macOS_.framework */ = {isa = PBXFileReference; explicitFileType = wrapper.framework; includeInIndex = 0; path = Pods_PupGo__macOS_.framework; sourceTree = BUILT_PRODUCTS_DIR; };
		1AD73CD0E47A073D8D3C0106 /* Pods-PupGo (macOS).debug.xcconfig */ = {isa = PBXFileReference; includeInIndex = 1; lastKnownFileType = text.xcconfig; name = "Pods-PupGo (macOS).debug.xcconfig"; path = "Target Support Files/Pods-PupGo (macOS)/Pods-PupGo (macOS).debug.xcconfig"; sourceTree = "<group>"; };
		3C0FDBD8C1F7865CD293E035 /* Pods_PupGo__iOS_.framework */ = {isa = PBXFileReference; explicitFileType = wrapper.framework; includeInIndex = 0; path = Pods_PupGo__iOS_.framework; sourceTree = BUILT_PRODUCTS_DIR; };
		63C69A8021C997FD4485DD25 /* Pods-PupGo (iOS).release.xcconfig */ = {isa = PBXFileReference; includeInIndex = 1; lastKnownFileType = text.xcconfig; name = "Pods-PupGo (iOS).release.xcconfig"; path = "Target Support Files/Pods-PupGo (iOS)/Pods-PupGo (iOS).release.xcconfig"; sourceTree = "<group>"; };
		660D37C5ED365D69D2E41300 /* Pods-PupGo (macOS).release.xcconfig */ = {isa = PBXFileReference; includeInIndex = 1; lastKnownFileType = text.xcconfig; name = "Pods-PupGo (macOS).release.xcconfig"; path = "Target Support Files/Pods-PupGo (macOS)/Pods-PupGo (macOS).release.xcconfig"; sourceTree = "<group>"; };
		D3CB355DB2BE7E26722BBDD3 /* Pods-PupGo (iOS).debug.xcconfig */ = {isa = PBXFileReference; includeInIndex = 1; lastKnownFileType = text.xcconfig; name = "Pods-PupGo (iOS).debug.xcconfig"; path = "Target Support Files/Pods-PupGo (iOS)/Pods-PupGo (iOS).debug.xcconfig"; sourceTree = "<group>"; };
		DD196420274C7C2900A0B56C /* Join.swift */ = {isa = PBXFileReference; lastKnownFileType = sourcecode.swift; path = Join.swift; sourceTree = "<group>"; };
		DD196423274C7C8900A0B56C /* UEvent.swift */ = {isa = PBXFileReference; lastKnownFileType = sourcecode.swift; path = UEvent.swift; sourceTree = "<group>"; };
		DD196426274C7CA800A0B56C /* FEvent.swift */ = {isa = PBXFileReference; lastKnownFileType = sourcecode.swift; path = FEvent.swift; sourceTree = "<group>"; };
		DDBEFF72275201E100EEC6B7 /* dateFormatter.swift */ = {isa = PBXFileReference; lastKnownFileType = sourcecode.swift; path = dateFormatter.swift; sourceTree = "<group>"; };
/* End PBXFileReference section */

/* Begin PBXFrameworksBuildPhase section */
		0E05002B2735F73500D7FFCD /* Frameworks */ = {
			isa = PBXFrameworksBuildPhase;
			buildActionMask = 2147483647;
			files = (
				0EB96C2C2738ABA100C9A656 /* GoogleSignIn in Frameworks */,
				0E804027274B6A8B0086DA03 /* Apollo in Frameworks */,
				0E80402B274B85420086DA03 /* FirebaseMessaging in Frameworks */,
				0E04F2E72738EB6E00C29649 /* FirebaseAuth in Frameworks */,
				0E7D2F4C2738F9EC0056DE92 /* FacebookLogin in Frameworks */,
			);
			runOnlyForDeploymentPostprocessing = 0;
		};
		0E0500312735F73500D7FFCD /* Frameworks */ = {
			isa = PBXFrameworksBuildPhase;
			buildActionMask = 2147483647;
			files = (
				F53B93F7BA145C11C653F177 /* Pods_PupGo__macOS_.framework in Frameworks */,
			);
			runOnlyForDeploymentPostprocessing = 0;
		};
/* End PBXFrameworksBuildPhase section */

/* Begin PBXGroup section */
		0E0500212735F72E00D7FFCD = {
			isa = PBXGroup;
			children = (
				0EC444A7275319B100A3356B /* schema.json */,
				0E5D1574274B3D1C00983ACC /* PupGo (iOS).entitlements */,
				0EB96C302738ADB800C9A656 /* PupGo--iOS--Info.plist */,
				0E0500262735F72E00D7FFCD /* Shared */,
				0E0500352735F73500D7FFCD /* macOS */,
				0E04F2E82738EC7900C29649 /* PupGo.app */,
				0E04F2E92738EC7900C29649 /* PupGo.app */,
				2E5239CBE5B267B34BC8BDDA /* Pods */,
				2E71018558889F0835388837 /* Frameworks */,
			);
			sourceTree = "<group>";
		};
		0E0500262735F72E00D7FFCD /* Shared */ = {
			isa = PBXGroup;
			children = (
				0E5233F0274B25CF008B1CB0 /* GraphQL */,
				0E68D17A2741E6D40030AE76 /* Utilities */,
				0EB96C2D2738AD7200C9A656 /* GoogleService-Info.plist */,
				0E050045273629A800D7FFCD /* Views */,
				0E0500272735F72E00D7FFCD /* PupGoApp.swift */,
				0E0500282735F72E00D7FFCD /* MainView.swift */,
				0E0500292735F73500D7FFCD /* Assets.xcassets */,
			);
			path = Shared;
			sourceTree = "<group>";
		};
		0E0500352735F73500D7FFCD /* macOS */ = {
			isa = PBXGroup;
			children = (
				0E0500362735F73500D7FFCD /* macOS.entitlements */,
			);
			path = macOS;
			sourceTree = "<group>";
		};
		0E050045273629A800D7FFCD /* Views */ = {
			isa = PBXGroup;
			children = (
				0EFC2A1D2748CED3000D6D17 /* TabView */,
				0E05005627362AF200D7FFCD /* LoginView */,
				0E05005227362A4200D7FFCD /* MatchingView */,
				0E05004E27362A1B00D7FFCD /* NotificationView */,
				0E05004A273629F800D7FFCD /* ExplorationView */,
				0E050049273629E400D7FFCD /* SettingView */,
			);
			path = Views;
			sourceTree = "<group>";
		};
		0E050049273629E400D7FFCD /* SettingView */ = {
			isa = PBXGroup;
			children = (
				0E050046273629CF00D7FFCD /* SettingView.swift */,
				0EFC29BD27473D7C000D6D17 /* DogProfile.swift */,
				0EFC29C027473D92000D6D17 /* DogProfileView.swift */,
				0EFC29C327473DB2000D6D17 /* EditDogProfileView.swift */,
				0EFC29C627473DC8000D6D17 /* EditUserProfileView.swift */,
				0EFC29C927473DEF000D6D17 /* UserProfile.swift */,
				0EFC29CC27473E04000D6D17 /* UserProfileView.swift */,
				0EDC6C68274985B100E74119 /* ManageDogProfileView.swift */,
				0EDC6C6B2749860600E74119 /* AddDogProfileView.swift */,
			);
			path = SettingView;
			sourceTree = "<group>";
		};
		0E05004A273629F800D7FFCD /* ExplorationView */ = {
			isa = PBXGroup;
			children = (
				0E05004B27362A0E00D7FFCD /* ExplorationView.swift */,
				0E8A2E242741F20400081719 /* CreateEventContentView.swift */,
				0E8A2E272741F24C00081719 /* EventExploreContentView.swift */,
				0E8A2E2A2741F26E00081719 /* SingleEventView.swift */,
			);
			path = ExplorationView;
			sourceTree = "<group>";
		};
		0E05004E27362A1B00D7FFCD /* NotificationView */ = {
			isa = PBXGroup;
			children = (
				0E05004F27362A2E00D7FFCD /* NotificationView.swift */,
				0E8A2E332741FA4800081719 /* FriendsEventView.swift */,
				0E8A2E362741FA6200081719 /* JoinRequestView.swift */,
				0E8A2E3C2741FA8E00081719 /* UserEventView.swift */,
				DD196420274C7C2900A0B56C /* Join.swift */,
				DD196423274C7C8900A0B56C /* UEvent.swift */,
				DD196426274C7CA800A0B56C /* FEvent.swift */,
			);
			path = NotificationView;
			sourceTree = "<group>";
		};
		0E05005227362A4200D7FFCD /* MatchingView */ = {
			isa = PBXGroup;
			children = (
				0E05005327362A6900D7FFCD /* MatchingView.swift */,
				0E5AB0902751F49100AE65BA /* ImageLoaderView.swift */,
				0E5AB0932752491700AE65BA /* DogCardView.swift */,
				0EC444A9275321AC00A3356B /* DogInfoView.swift */,
			);
			path = MatchingView;
			sourceTree = "<group>";
		};
		0E05005627362AF200D7FFCD /* LoginView */ = {
			isa = PBXGroup;
			children = (
				0E05005727362D5600D7FFCD /* LoginView.swift */,
				0EB96C312738BB6900C9A656 /* AppleLoginView.swift */,
				0EB96C342738BD5D00C9A656 /* GoogleLoginView.swift */,
				0E7D2F4D2738FA120056DE92 /* FBLoginView.swift */,
				0EBD8A1D2743851D008EBBDC /* SignInView.swift */,
				0EBD8A20274393CA008EBBDC /* SignUpView.swift */,
				0EFC2A1A274765CE000D6D17 /* AnimationTestView.swift */,
			);
			path = LoginView;
			sourceTree = "<group>";
		};
		0E5233F0274B25CF008B1CB0 /* GraphQL */ = {
			isa = PBXGroup;
			children = (
				0EC444AB275326B800A3356B /* API.swift */,
				0E5233F1274B25FB008B1CB0 /* Queries.graphql */,
				0E5233F3274B260C008B1CB0 /* Apollo.swift */,
				0E804028274B7C8C0086DA03 /* ApolloView.swift */,
			);
			path = GraphQL;
			sourceTree = "<group>";
		};
		0E68D17A2741E6D40030AE76 /* Utilities */ = {
			isa = PBXGroup;
			children = (
				0E5AB08D2751F23600AE65BA /* ImageLoader.swift */,
				0E8A2E1B2741F18500081719 /* Event.swift */,
				0E558457273B47A400BCFFB0 /* SwipeCard.swift */,
				0E8A2E2D2741F8A100081719 /* Card.swift */,
				0E8A2E1E2741F1A800081719 /* ImagePicker.swift */,
				0E5D1575274B40E500983ACC /* AppleLogin.swift */,
				0E5AB08A274F6F7300AE65BA /* Observer.swift */,
				DDBEFF72275201E100EEC6B7 /* dateFormatter.swift */,
			);
			path = Utilities;
			sourceTree = "<group>";
		};
		0EFC2A1D2748CED3000D6D17 /* TabView */ = {
			isa = PBXGroup;
			children = (
				0EFC2A1E2748CEEA000D6D17 /* CurvedTabView.swift */,
				0EFC2A202748D275000D6D17 /* TabEffect.swift */,
				0EFC2A222748D683000D6D17 /* ButtonCurve.swift */,
			);
			path = TabView;
			sourceTree = "<group>";
		};
		2E5239CBE5B267B34BC8BDDA /* Pods */ = {
			isa = PBXGroup;
			children = (
				D3CB355DB2BE7E26722BBDD3 /* Pods-PupGo (iOS).debug.xcconfig */,
				63C69A8021C997FD4485DD25 /* Pods-PupGo (iOS).release.xcconfig */,
				1AD73CD0E47A073D8D3C0106 /* Pods-PupGo (macOS).debug.xcconfig */,
				660D37C5ED365D69D2E41300 /* Pods-PupGo (macOS).release.xcconfig */,
			);
			path = Pods;
			sourceTree = "<group>";
		};
		2E71018558889F0835388837 /* Frameworks */ = {
			isa = PBXGroup;
			children = (
				3C0FDBD8C1F7865CD293E035 /* Pods_PupGo__iOS_.framework */,
				151C9617017F59926968EC58 /* Pods_PupGo__macOS_.framework */,
			);
			name = Frameworks;
			sourceTree = "<group>";
		};
/* End PBXGroup section */

/* Begin PBXNativeTarget section */
		0E05002D2735F73500D7FFCD /* PupGo (iOS) */ = {
			isa = PBXNativeTarget;
			buildConfigurationList = 0E05003F2735F73500D7FFCD /* Build configuration list for PBXNativeTarget "PupGo (iOS)" */;
			buildPhases = (
				0E5233F7274B2908008B1CB0 /* Generate Apollo GraphQL API */,
				6510B40BC95E98A368FB5DE2 /* [CP] Check Pods Manifest.lock */,
				0E05002A2735F73500D7FFCD /* Sources */,
				0E05002B2735F73500D7FFCD /* Frameworks */,
				0E05002C2735F73500D7FFCD /* Resources */,
				0E5D1573274B315A00983ACC /* Embed Frameworks */,
			);
			buildRules = (
			);
			dependencies = (
			);
			name = "PupGo (iOS)";
			packageProductDependencies = (
				0EB96C2B2738ABA100C9A656 /* GoogleSignIn */,
				0E04F2E62738EB6E00C29649 /* FirebaseAuth */,
				0E7D2F4B2738F9EC0056DE92 /* FacebookLogin */,
				0E804026274B6A8B0086DA03 /* Apollo */,
				0E80402A274B85420086DA03 /* FirebaseMessaging */,
			);
			productName = "PupGo (iOS)";
			productReference = 0E04F2E92738EC7900C29649 /* PupGo.app */;
			productType = "com.apple.product-type.application";
		};
		0E0500332735F73500D7FFCD /* PupGo (macOS) */ = {
			isa = PBXNativeTarget;
			buildConfigurationList = 0E0500422735F73500D7FFCD /* Build configuration list for PBXNativeTarget "PupGo (macOS)" */;
			buildPhases = (
				865600829A6222454A48AC7F /* [CP] Check Pods Manifest.lock */,
				0E0500302735F73500D7FFCD /* Sources */,
				0E0500312735F73500D7FFCD /* Frameworks */,
				0E0500322735F73500D7FFCD /* Resources */,
			);
			buildRules = (
			);
			dependencies = (
			);
			name = "PupGo (macOS)";
			productName = "PupGo (macOS)";
			productReference = 0E04F2E82738EC7900C29649 /* PupGo.app */;
			productType = "com.apple.product-type.application";
		};
/* End PBXNativeTarget section */

/* Begin PBXProject section */
		0E0500222735F72E00D7FFCD /* Project object */ = {
			isa = PBXProject;
			attributes = {
				BuildIndependentTargetsInParallel = 1;
				LastSwiftUpdateCheck = 1310;
				LastUpgradeCheck = 1310;
				TargetAttributes = {
					0E05002D2735F73500D7FFCD = {
						CreatedOnToolsVersion = 13.1;
					};
					0E0500332735F73500D7FFCD = {
						CreatedOnToolsVersion = 13.1;
					};
				};
			};
			buildConfigurationList = 0E0500252735F72E00D7FFCD /* Build configuration list for PBXProject "PupGo" */;
			compatibilityVersion = "Xcode 13.0";
			developmentRegion = en;
			hasScannedForEncodings = 0;
			knownRegions = (
				en,
				Base,
			);
			mainGroup = 0E0500212735F72E00D7FFCD;
			packageReferences = (
				0EB96C272738AB1B00C9A656 /* XCRemoteSwiftPackageReference "firebase-ios-sdk" */,
				0EB96C2A2738ABA000C9A656 /* XCRemoteSwiftPackageReference "GoogleSignIn-iOS" */,
				0E7D2F4A2738F9EC0056DE92 /* XCRemoteSwiftPackageReference "facebook-ios-sdk" */,
				0E5233E1274B2351008B1CB0 /* XCRemoteSwiftPackageReference "apollo-ios" */,
			);
			productRefGroup = 0E0500212735F72E00D7FFCD;
			projectDirPath = "";
			projectRoot = "";
			targets = (
				0E05002D2735F73500D7FFCD /* PupGo (iOS) */,
				0E0500332735F73500D7FFCD /* PupGo (macOS) */,
			);
		};
/* End PBXProject section */

/* Begin PBXResourcesBuildPhase section */
		0E05002C2735F73500D7FFCD /* Resources */ = {
			isa = PBXResourcesBuildPhase;
			buildActionMask = 2147483647;
			files = (
				0EC444A8275319B100A3356B /* schema.json in Resources */,
				0E5233F2274B25FB008B1CB0 /* Queries.graphql in Resources */,
				0E05003B2735F73500D7FFCD /* Assets.xcassets in Resources */,
				0EB96C2E2738AD7200C9A656 /* GoogleService-Info.plist in Resources */,
			);
			runOnlyForDeploymentPostprocessing = 0;
		};
		0E0500322735F73500D7FFCD /* Resources */ = {
			isa = PBXResourcesBuildPhase;
			buildActionMask = 2147483647;
			files = (
				0E05003C2735F73500D7FFCD /* Assets.xcassets in Resources */,
				0EB96C2F2738AD7200C9A656 /* GoogleService-Info.plist in Resources */,
			);
			runOnlyForDeploymentPostprocessing = 0;
		};
/* End PBXResourcesBuildPhase section */

/* Begin PBXShellScriptBuildPhase section */
		0E5233F7274B2908008B1CB0 /* Generate Apollo GraphQL API */ = {
			isa = PBXShellScriptBuildPhase;
			alwaysOutOfDate = 1;
			buildActionMask = 12;
			files = (
			);
			inputFileListPaths = (
			);
			inputPaths = (
			);
			name = "Generate Apollo GraphQL API";
			outputFileListPaths = (
			);
			outputPaths = (
			);
			runOnlyForDeploymentPostprocessing = 0;
			shellPath = /bin/sh;
			shellScript = "# Don't run this during index builds\nif [ $ACTION = \"indexbuild\" ]; then exit 0; fi\n\n# Go to the build root and search up the chain to find the Derived Data Path where the source packages are checked out.\nDERIVED_DATA_CANDIDATE=\"${BUILD_ROOT}\"\n\nwhile ! [ -d \"${DERIVED_DATA_CANDIDATE}/SourcePackages\" ]; do\n  if [ \"${DERIVED_DATA_CANDIDATE}\" = / ]; then\n    echo >&2 \"error: Unable to locate SourcePackages directory from BUILD_ROOT: '${BUILD_ROOT}'\"\n    exit 1\n  fi\n\n  DERIVED_DATA_CANDIDATE=\"$(dirname \"${DERIVED_DATA_CANDIDATE}\")\"\ndone\n\n# Grab a reference to the directory where scripts are checked out\nSCRIPT_PATH=\"${DERIVED_DATA_CANDIDATE}/SourcePackages/checkouts/apollo-ios/scripts\"\n\nif [ -z \"${SCRIPT_PATH}\" ]; then\n    echo >&2 \"error: Couldn't find the CLI script in your checked out SPM packages; make sure to add the framework to your project.\"\n    exit 1\nfi\n\ncd \"${SRCROOT}/${TARGET_NAME}\"\n\"${SCRIPT_PATH}\"/run-bundled-codegen.sh codegen:generate --target=swift --includes=./**/*.graphql --localSchemaFile=\"schema.json\" API.swift\n\n";
		};
		6510B40BC95E98A368FB5DE2 /* [CP] Check Pods Manifest.lock */ = {
			isa = PBXShellScriptBuildPhase;
			buildActionMask = 2147483647;
			files = (
			);
			inputFileListPaths = (
			);
			inputPaths = (
				"${PODS_PODFILE_DIR_PATH}/Podfile.lock",
				"${PODS_ROOT}/Manifest.lock",
			);
			name = "[CP] Check Pods Manifest.lock";
			outputFileListPaths = (
			);
			outputPaths = (
				"$(DERIVED_FILE_DIR)/Pods-PupGo (iOS)-checkManifestLockResult.txt",
			);
			runOnlyForDeploymentPostprocessing = 0;
			shellPath = /bin/sh;
			shellScript = "diff \"${PODS_PODFILE_DIR_PATH}/Podfile.lock\" \"${PODS_ROOT}/Manifest.lock\" > /dev/null\nif [ $? != 0 ] ; then\n    # print error to STDERR\n    echo \"error: The sandbox is not in sync with the Podfile.lock. Run 'pod install' or update your CocoaPods installation.\" >&2\n    exit 1\nfi\n# This output is used by Xcode 'outputs' to avoid re-running this script phase.\necho \"SUCCESS\" > \"${SCRIPT_OUTPUT_FILE_0}\"\n";
			showEnvVarsInLog = 0;
		};
		865600829A6222454A48AC7F /* [CP] Check Pods Manifest.lock */ = {
			isa = PBXShellScriptBuildPhase;
			buildActionMask = 2147483647;
			files = (
			);
			inputFileListPaths = (
			);
			inputPaths = (
				"${PODS_PODFILE_DIR_PATH}/Podfile.lock",
				"${PODS_ROOT}/Manifest.lock",
			);
			name = "[CP] Check Pods Manifest.lock";
			outputFileListPaths = (
			);
			outputPaths = (
				"$(DERIVED_FILE_DIR)/Pods-PupGo (macOS)-checkManifestLockResult.txt",
			);
			runOnlyForDeploymentPostprocessing = 0;
			shellPath = /bin/sh;
			shellScript = "diff \"${PODS_PODFILE_DIR_PATH}/Podfile.lock\" \"${PODS_ROOT}/Manifest.lock\" > /dev/null\nif [ $? != 0 ] ; then\n    # print error to STDERR\n    echo \"error: The sandbox is not in sync with the Podfile.lock. Run 'pod install' or update your CocoaPods installation.\" >&2\n    exit 1\nfi\n# This output is used by Xcode 'outputs' to avoid re-running this script phase.\necho \"SUCCESS\" > \"${SCRIPT_OUTPUT_FILE_0}\"\n";
			showEnvVarsInLog = 0;
		};
/* End PBXShellScriptBuildPhase section */

/* Begin PBXSourcesBuildPhase section */
		0E05002A2735F73500D7FFCD /* Sources */ = {
			isa = PBXSourcesBuildPhase;
			buildActionMask = 2147483647;
			files = (
				0E8A2E1F2741F1A800081719 /* ImagePicker.swift in Sources */,
				0E5AB08B274F6F7300AE65BA /* Observer.swift in Sources */,
				DD196427274C7CA800A0B56C /* FEvent.swift in Sources */,
				0EFC29C727473DC8000D6D17 /* EditUserProfileView.swift in Sources */,
				0E8A2E3D2741FA8E00081719 /* UserEventView.swift in Sources */,
				0EFC2A1F2748CEEA000D6D17 /* CurvedTabView.swift in Sources */,
				0E8A2E2E2741F8A100081719 /* Card.swift in Sources */,
				0E05004C27362A0E00D7FFCD /* ExplorationView.swift in Sources */,
				0EBD8A21274393CA008EBBDC /* SignUpView.swift in Sources */,
				0EFC29BE27473D7C000D6D17 /* DogProfile.swift in Sources */,
				0E5AB0912751F49100AE65BA /* ImageLoaderView.swift in Sources */,
				0EDC6C69274985B100E74119 /* ManageDogProfileView.swift in Sources */,
				0E8A2E252741F20400081719 /* CreateEventContentView.swift in Sources */,
				0EFC29CA27473DEF000D6D17 /* UserProfile.swift in Sources */,
				0EBD8A1E2743851D008EBBDC /* SignInView.swift in Sources */,
				0E5AB0942752491700AE65BA /* DogCardView.swift in Sources */,
				0E05005827362D5600D7FFCD /* LoginView.swift in Sources */,
				0E8A2E372741FA6200081719 /* JoinRequestView.swift in Sources */,
				0E7D2F4E2738FA120056DE92 /* FBLoginView.swift in Sources */,
				0EFC2A212748D275000D6D17 /* TabEffect.swift in Sources */,
				DD196424274C7C8900A0B56C /* UEvent.swift in Sources */,
				0E05005427362A6900D7FFCD /* MatchingView.swift in Sources */,
				0E8A2E1C2741F18500081719 /* Event.swift in Sources */,
				0E558458273B47A400BCFFB0 /* SwipeCard.swift in Sources */,
				DD196421274C7C2900A0B56C /* Join.swift in Sources */,
				0EC444AA275321AC00A3356B /* DogInfoView.swift in Sources */,
				0E8A2E2B2741F26E00081719 /* SingleEventView.swift in Sources */,
				0EDC6C6C2749860600E74119 /* AddDogProfileView.swift in Sources */,
				0E804029274B7C8C0086DA03 /* ApolloView.swift in Sources */,
				0E5233F4274B260C008B1CB0 /* Apollo.swift in Sources */,
				0EB96C322738BB6900C9A656 /* AppleLoginView.swift in Sources */,
				0E050047273629CF00D7FFCD /* SettingView.swift in Sources */,
				0EB96C352738BD5D00C9A656 /* GoogleLoginView.swift in Sources */,
				0E0500392735F73500D7FFCD /* MainView.swift in Sources */,
				0EC444AC275326B800A3356B /* API.swift in Sources */,
				0EFC29C127473D92000D6D17 /* DogProfileView.swift in Sources */,
				0E0500372735F73500D7FFCD /* PupGoApp.swift in Sources */,
				0EFC29CD27473E04000D6D17 /* UserProfileView.swift in Sources */,
				0EFC29C427473DB2000D6D17 /* EditDogProfileView.swift in Sources */,
				0E5AB08E2751F23600AE65BA /* ImageLoader.swift in Sources */,
				0E8A2E342741FA4800081719 /* FriendsEventView.swift in Sources */,
				0EFC2A1B274765CE000D6D17 /* AnimationTestView.swift in Sources */,
				0E05005027362A2E00D7FFCD /* NotificationView.swift in Sources */,
				DDBEFF73275201E100EEC6B7 /* dateFormatter.swift in Sources */,
				0E8A2E282741F24C00081719 /* EventExploreContentView.swift in Sources */,
				0EFC2A232748D683000D6D17 /* ButtonCurve.swift in Sources */,
				0E5D1576274B40E500983ACC /* AppleLogin.swift in Sources */,
			);
			runOnlyForDeploymentPostprocessing = 0;
		};
		0E0500302735F73500D7FFCD /* Sources */ = {
			isa = PBXSourcesBuildPhase;
			buildActionMask = 2147483647;
			files = (
				0E8A2E202741F1A800081719 /* ImagePicker.swift in Sources */,
				0EDC6C6D2749860600E74119 /* AddDogProfileView.swift in Sources */,
				0EFC29C827473DC8000D6D17 /* EditUserProfileView.swift in Sources */,
				0E8A2E3E2741FA8E00081719 /* UserEventView.swift in Sources */,
				0EDC6C6A274985B100E74119 /* ManageDogProfileView.swift in Sources */,
				0E8A2E2F2741F8A100081719 /* Card.swift in Sources */,
				0E05004D27362A0E00D7FFCD /* ExplorationView.swift in Sources */,
				0E5AB08F2751F23600AE65BA /* ImageLoader.swift in Sources */,
				DD196428274C7CA800A0B56C /* FEvent.swift in Sources */,
				0EBD8A22274393CA008EBBDC /* SignUpView.swift in Sources */,
				0E5AB0922751F49100AE65BA /* ImageLoaderView.swift in Sources */,
				0EFC29BF27473D7C000D6D17 /* DogProfile.swift in Sources */,
				0E8A2E262741F20400081719 /* CreateEventContentView.swift in Sources */,
				0EFC29CB27473DEF000D6D17 /* UserProfile.swift in Sources */,
				0EBD8A1F2743851D008EBBDC /* SignInView.swift in Sources */,
				0E05005927362D5600D7FFCD /* LoginView.swift in Sources */,
				0E8A2E382741FA6200081719 /* JoinRequestView.swift in Sources */,
				0E7D2F4F2738FA120056DE92 /* FBLoginView.swift in Sources */,
				0E05005527362A6900D7FFCD /* MatchingView.swift in Sources */,
				0E8A2E1D2741F18500081719 /* Event.swift in Sources */,
				DD196425274C7C8900A0B56C /* UEvent.swift in Sources */,
				0E558459273B47A400BCFFB0 /* SwipeCard.swift in Sources */,
				0E8A2E2C2741F26E00081719 /* SingleEventView.swift in Sources */,
				0EB96C332738BB6900C9A656 /* AppleLoginView.swift in Sources */,
				0E050048273629CF00D7FFCD /* SettingView.swift in Sources */,
				0EB96C362738BD5D00C9A656 /* GoogleLoginView.swift in Sources */,
				0E5AB08C274F6F7300AE65BA /* Observer.swift in Sources */,
				0E05003A2735F73500D7FFCD /* MainView.swift in Sources */,
				0EFC29C227473D92000D6D17 /* DogProfileView.swift in Sources */,
				0E0500382735F73500D7FFCD /* PupGoApp.swift in Sources */,
				0E5AB0952752491700AE65BA /* DogCardView.swift in Sources */,
				0EFC29CE27473E04000D6D17 /* UserProfileView.swift in Sources */,
				DD196422274C7C2900A0B56C /* Join.swift in Sources */,
				0EFC29C527473DB2000D6D17 /* EditDogProfileView.swift in Sources */,
				0E8A2E352741FA4800081719 /* FriendsEventView.swift in Sources */,
				0EFC2A1C274765CE000D6D17 /* AnimationTestView.swift in Sources */,
				DDBEFF74275201E100EEC6B7 /* dateFormatter.swift in Sources */,
				0E05005127362A2E00D7FFCD /* NotificationView.swift in Sources */,
				0E5D1577274B40E500983ACC /* AppleLogin.swift in Sources */,
				0E8A2E292741F24C00081719 /* EventExploreContentView.swift in Sources */,
			);
			runOnlyForDeploymentPostprocessing = 0;
		};
/* End PBXSourcesBuildPhase section */

/* Begin XCBuildConfiguration section */
		0E05003D2735F73500D7FFCD /* Debug */ = {
			isa = XCBuildConfiguration;
			buildSettings = {
				ALWAYS_SEARCH_USER_PATHS = NO;
				CLANG_ANALYZER_NONNULL = YES;
				CLANG_ANALYZER_NUMBER_OBJECT_CONVERSION = YES_AGGRESSIVE;
				CLANG_CXX_LANGUAGE_STANDARD = "gnu++17";
				CLANG_CXX_LIBRARY = "libc++";
				CLANG_ENABLE_MODULES = YES;
				CLANG_ENABLE_OBJC_ARC = YES;
				CLANG_ENABLE_OBJC_WEAK = YES;
				CLANG_WARN_BLOCK_CAPTURE_AUTORELEASING = YES;
				CLANG_WARN_BOOL_CONVERSION = YES;
				CLANG_WARN_COMMA = YES;
				CLANG_WARN_CONSTANT_CONVERSION = YES;
				CLANG_WARN_DEPRECATED_OBJC_IMPLEMENTATIONS = YES;
				CLANG_WARN_DIRECT_OBJC_ISA_USAGE = YES_ERROR;
				CLANG_WARN_DOCUMENTATION_COMMENTS = YES;
				CLANG_WARN_EMPTY_BODY = YES;
				CLANG_WARN_ENUM_CONVERSION = YES;
				CLANG_WARN_INFINITE_RECURSION = YES;
				CLANG_WARN_INT_CONVERSION = YES;
				CLANG_WARN_NON_LITERAL_NULL_CONVERSION = YES;
				CLANG_WARN_OBJC_IMPLICIT_RETAIN_SELF = YES;
				CLANG_WARN_OBJC_LITERAL_CONVERSION = YES;
				CLANG_WARN_OBJC_ROOT_CLASS = YES_ERROR;
				CLANG_WARN_QUOTED_INCLUDE_IN_FRAMEWORK_HEADER = YES;
				CLANG_WARN_RANGE_LOOP_ANALYSIS = YES;
				CLANG_WARN_STRICT_PROTOTYPES = YES;
				CLANG_WARN_SUSPICIOUS_MOVE = YES;
				CLANG_WARN_UNGUARDED_AVAILABILITY = YES_AGGRESSIVE;
				CLANG_WARN_UNREACHABLE_CODE = YES;
				CLANG_WARN__DUPLICATE_METHOD_MATCH = YES;
				COPY_PHASE_STRIP = NO;
				DEBUG_INFORMATION_FORMAT = dwarf;
				ENABLE_STRICT_OBJC_MSGSEND = YES;
				ENABLE_TESTABILITY = YES;
				GCC_C_LANGUAGE_STANDARD = gnu11;
				GCC_DYNAMIC_NO_PIC = NO;
				GCC_NO_COMMON_BLOCKS = YES;
				GCC_OPTIMIZATION_LEVEL = 0;
				GCC_PREPROCESSOR_DEFINITIONS = (
					"DEBUG=1",
					"$(inherited)",
				);
				GCC_WARN_64_TO_32_BIT_CONVERSION = YES;
				GCC_WARN_ABOUT_RETURN_TYPE = YES_ERROR;
				GCC_WARN_UNDECLARED_SELECTOR = YES;
				GCC_WARN_UNINITIALIZED_AUTOS = YES_AGGRESSIVE;
				GCC_WARN_UNUSED_FUNCTION = YES;
				GCC_WARN_UNUSED_VARIABLE = YES;
				MTL_ENABLE_DEBUG_INFO = INCLUDE_SOURCE;
				MTL_FAST_MATH = YES;
				ONLY_ACTIVE_ARCH = YES;
				SWIFT_ACTIVE_COMPILATION_CONDITIONS = DEBUG;
				SWIFT_OPTIMIZATION_LEVEL = "-Onone";
			};
			name = Debug;
		};
		0E05003E2735F73500D7FFCD /* Release */ = {
			isa = XCBuildConfiguration;
			buildSettings = {
				ALWAYS_SEARCH_USER_PATHS = NO;
				CLANG_ANALYZER_NONNULL = YES;
				CLANG_ANALYZER_NUMBER_OBJECT_CONVERSION = YES_AGGRESSIVE;
				CLANG_CXX_LANGUAGE_STANDARD = "gnu++17";
				CLANG_CXX_LIBRARY = "libc++";
				CLANG_ENABLE_MODULES = YES;
				CLANG_ENABLE_OBJC_ARC = YES;
				CLANG_ENABLE_OBJC_WEAK = YES;
				CLANG_WARN_BLOCK_CAPTURE_AUTORELEASING = YES;
				CLANG_WARN_BOOL_CONVERSION = YES;
				CLANG_WARN_COMMA = YES;
				CLANG_WARN_CONSTANT_CONVERSION = YES;
				CLANG_WARN_DEPRECATED_OBJC_IMPLEMENTATIONS = YES;
				CLANG_WARN_DIRECT_OBJC_ISA_USAGE = YES_ERROR;
				CLANG_WARN_DOCUMENTATION_COMMENTS = YES;
				CLANG_WARN_EMPTY_BODY = YES;
				CLANG_WARN_ENUM_CONVERSION = YES;
				CLANG_WARN_INFINITE_RECURSION = YES;
				CLANG_WARN_INT_CONVERSION = YES;
				CLANG_WARN_NON_LITERAL_NULL_CONVERSION = YES;
				CLANG_WARN_OBJC_IMPLICIT_RETAIN_SELF = YES;
				CLANG_WARN_OBJC_LITERAL_CONVERSION = YES;
				CLANG_WARN_OBJC_ROOT_CLASS = YES_ERROR;
				CLANG_WARN_QUOTED_INCLUDE_IN_FRAMEWORK_HEADER = YES;
				CLANG_WARN_RANGE_LOOP_ANALYSIS = YES;
				CLANG_WARN_STRICT_PROTOTYPES = YES;
				CLANG_WARN_SUSPICIOUS_MOVE = YES;
				CLANG_WARN_UNGUARDED_AVAILABILITY = YES_AGGRESSIVE;
				CLANG_WARN_UNREACHABLE_CODE = YES;
				CLANG_WARN__DUPLICATE_METHOD_MATCH = YES;
				COPY_PHASE_STRIP = NO;
				DEBUG_INFORMATION_FORMAT = "dwarf-with-dsym";
				ENABLE_NS_ASSERTIONS = NO;
				ENABLE_STRICT_OBJC_MSGSEND = YES;
				GCC_C_LANGUAGE_STANDARD = gnu11;
				GCC_NO_COMMON_BLOCKS = YES;
				GCC_WARN_64_TO_32_BIT_CONVERSION = YES;
				GCC_WARN_ABOUT_RETURN_TYPE = YES_ERROR;
				GCC_WARN_UNDECLARED_SELECTOR = YES;
				GCC_WARN_UNINITIALIZED_AUTOS = YES_AGGRESSIVE;
				GCC_WARN_UNUSED_FUNCTION = YES;
				GCC_WARN_UNUSED_VARIABLE = YES;
				MTL_ENABLE_DEBUG_INFO = NO;
				MTL_FAST_MATH = YES;
				SWIFT_COMPILATION_MODE = wholemodule;
				SWIFT_OPTIMIZATION_LEVEL = "-O";
			};
			name = Release;
		};
		0E0500402735F73500D7FFCD /* Debug */ = {
			isa = XCBuildConfiguration;
			baseConfigurationReference = D3CB355DB2BE7E26722BBDD3 /* Pods-PupGo (iOS).debug.xcconfig */;
			buildSettings = {
				ASSETCATALOG_COMPILER_APPICON_NAME = AppIcon;
				ASSETCATALOG_COMPILER_GLOBAL_ACCENT_COLOR_NAME = AccentColor;
				CODE_SIGN_ENTITLEMENTS = "PupGo (iOS).entitlements";
				CODE_SIGN_IDENTITY = "Apple Development";
				CODE_SIGN_STYLE = Automatic;
				CURRENT_PROJECT_VERSION = 1;
				DEVELOPMENT_TEAM = N3J44JZ9JB;
				ENABLE_PREVIEWS = YES;
				GENERATE_INFOPLIST_FILE = YES;
				INFOPLIST_FILE = "PupGo--iOS--Info.plist";
				INFOPLIST_KEY_CFBundleDisplayName = PupGo;
				INFOPLIST_KEY_UIApplicationSceneManifest_Generation = YES;
				INFOPLIST_KEY_UIApplicationSupportsIndirectInputEvents = YES;
				INFOPLIST_KEY_UILaunchScreen_Generation = YES;
				INFOPLIST_KEY_UIStatusBarHidden = NO;
				INFOPLIST_KEY_UISupportedInterfaceOrientations_iPad = "UIInterfaceOrientationPortrait UIInterfaceOrientationPortraitUpsideDown UIInterfaceOrientationLandscapeLeft UIInterfaceOrientationLandscapeRight";
				INFOPLIST_KEY_UISupportedInterfaceOrientations_iPhone = "UIInterfaceOrientationPortrait UIInterfaceOrientationLandscapeLeft UIInterfaceOrientationLandscapeRight";
				IPHONEOS_DEPLOYMENT_TARGET = 15.0;
				LD_RUNPATH_SEARCH_PATHS = (
					"$(inherited)",
					"@executable_path/Frameworks",
				);
				MARKETING_VERSION = 1.0;
				PRODUCT_BUNDLE_IDENTIFIER = CS130.PupGo;
				PRODUCT_NAME = PupGo;
				PROVISIONING_PROFILE_SPECIFIER = "";
				SDKROOT = iphoneos;
				SWIFT_EMIT_LOC_STRINGS = YES;
				SWIFT_VERSION = 5.0;
				TARGETED_DEVICE_FAMILY = "1,2";
			};
			name = Debug;
		};
		0E0500412735F73500D7FFCD /* Release */ = {
			isa = XCBuildConfiguration;
			baseConfigurationReference = 63C69A8021C997FD4485DD25 /* Pods-PupGo (iOS).release.xcconfig */;
			buildSettings = {
				ASSETCATALOG_COMPILER_APPICON_NAME = AppIcon;
				ASSETCATALOG_COMPILER_GLOBAL_ACCENT_COLOR_NAME = AccentColor;
				CODE_SIGN_ENTITLEMENTS = "PupGo (iOS).entitlements";
				CODE_SIGN_STYLE = Automatic;
				CURRENT_PROJECT_VERSION = 1;
				DEVELOPMENT_TEAM = N3J44JZ9JB;
				ENABLE_PREVIEWS = YES;
				GENERATE_INFOPLIST_FILE = YES;
				INFOPLIST_FILE = "PupGo--iOS--Info.plist";
				INFOPLIST_KEY_CFBundleDisplayName = PupGo;
				INFOPLIST_KEY_UIApplicationSceneManifest_Generation = YES;
				INFOPLIST_KEY_UIApplicationSupportsIndirectInputEvents = YES;
				INFOPLIST_KEY_UILaunchScreen_Generation = YES;
				INFOPLIST_KEY_UIStatusBarHidden = NO;
				INFOPLIST_KEY_UISupportedInterfaceOrientations_iPad = "UIInterfaceOrientationPortrait UIInterfaceOrientationPortraitUpsideDown UIInterfaceOrientationLandscapeLeft UIInterfaceOrientationLandscapeRight";
				INFOPLIST_KEY_UISupportedInterfaceOrientations_iPhone = "UIInterfaceOrientationPortrait UIInterfaceOrientationLandscapeLeft UIInterfaceOrientationLandscapeRight";
				IPHONEOS_DEPLOYMENT_TARGET = 15.0;
				LD_RUNPATH_SEARCH_PATHS = (
					"$(inherited)",
					"@executable_path/Frameworks",
				);
				MARKETING_VERSION = 1.0;
				PRODUCT_BUNDLE_IDENTIFIER = CS130.PupGo;
				PRODUCT_NAME = PupGo;
				SDKROOT = iphoneos;
				SWIFT_EMIT_LOC_STRINGS = YES;
				SWIFT_VERSION = 5.0;
				TARGETED_DEVICE_FAMILY = "1,2";
				VALIDATE_PRODUCT = YES;
			};
			name = Release;
		};
		0E0500432735F73500D7FFCD /* Debug */ = {
			isa = XCBuildConfiguration;
			baseConfigurationReference = 1AD73CD0E47A073D8D3C0106 /* Pods-PupGo (macOS).debug.xcconfig */;
			buildSettings = {
				ASSETCATALOG_COMPILER_APPICON_NAME = AppIcon;
				ASSETCATALOG_COMPILER_GLOBAL_ACCENT_COLOR_NAME = AccentColor;
				CODE_SIGN_ENTITLEMENTS = macOS/macOS.entitlements;
				CODE_SIGN_STYLE = Automatic;
				COMBINE_HIDPI_IMAGES = YES;
				CURRENT_PROJECT_VERSION = 1;
				DEVELOPMENT_TEAM = PK3PHYDBZL;
				ENABLE_PREVIEWS = YES;
				GENERATE_INFOPLIST_FILE = YES;
				INFOPLIST_KEY_NSHumanReadableCopyright = "";
				LD_RUNPATH_SEARCH_PATHS = (
					"$(inherited)",
					"@executable_path/../Frameworks",
				);
				MACOSX_DEPLOYMENT_TARGET = 11.6;
				MARKETING_VERSION = 1.0;
				PRODUCT_BUNDLE_IDENTIFIER = CS130.PupGo;
				PRODUCT_NAME = PupGo;
				SDKROOT = macosx;
				SWIFT_EMIT_LOC_STRINGS = YES;
				SWIFT_VERSION = 5.0;
			};
			name = Debug;
		};
		0E0500442735F73500D7FFCD /* Release */ = {
			isa = XCBuildConfiguration;
			baseConfigurationReference = 660D37C5ED365D69D2E41300 /* Pods-PupGo (macOS).release.xcconfig */;
			buildSettings = {
				ASSETCATALOG_COMPILER_APPICON_NAME = AppIcon;
				ASSETCATALOG_COMPILER_GLOBAL_ACCENT_COLOR_NAME = AccentColor;
				CODE_SIGN_ENTITLEMENTS = macOS/macOS.entitlements;
				CODE_SIGN_STYLE = Automatic;
				COMBINE_HIDPI_IMAGES = YES;
				CURRENT_PROJECT_VERSION = 1;
				DEVELOPMENT_TEAM = PK3PHYDBZL;
				ENABLE_PREVIEWS = YES;
				GENERATE_INFOPLIST_FILE = YES;
				INFOPLIST_KEY_NSHumanReadableCopyright = "";
				LD_RUNPATH_SEARCH_PATHS = (
					"$(inherited)",
					"@executable_path/../Frameworks",
				);
				MACOSX_DEPLOYMENT_TARGET = 11.6;
				MARKETING_VERSION = 1.0;
				PRODUCT_BUNDLE_IDENTIFIER = CS130.PupGo;
				PRODUCT_NAME = PupGo;
				SDKROOT = macosx;
				SWIFT_EMIT_LOC_STRINGS = YES;
				SWIFT_VERSION = 5.0;
			};
			name = Release;
		};
/* End XCBuildConfiguration section */

/* Begin XCConfigurationList section */
		0E0500252735F72E00D7FFCD /* Build configuration list for PBXProject "PupGo" */ = {
			isa = XCConfigurationList;
			buildConfigurations = (
				0E05003D2735F73500D7FFCD /* Debug */,
				0E05003E2735F73500D7FFCD /* Release */,
			);
			defaultConfigurationIsVisible = 0;
			defaultConfigurationName = Release;
		};
		0E05003F2735F73500D7FFCD /* Build configuration list for PBXNativeTarget "PupGo (iOS)" */ = {
			isa = XCConfigurationList;
			buildConfigurations = (
				0E0500402735F73500D7FFCD /* Debug */,
				0E0500412735F73500D7FFCD /* Release */,
			);
			defaultConfigurationIsVisible = 0;
			defaultConfigurationName = Release;
		};
		0E0500422735F73500D7FFCD /* Build configuration list for PBXNativeTarget "PupGo (macOS)" */ = {
			isa = XCConfigurationList;
			buildConfigurations = (
				0E0500432735F73500D7FFCD /* Debug */,
				0E0500442735F73500D7FFCD /* Release */,
			);
			defaultConfigurationIsVisible = 0;
			defaultConfigurationName = Release;
		};
/* End XCConfigurationList section */

/* Begin XCRemoteSwiftPackageReference section */
		0E5233E1274B2351008B1CB0 /* XCRemoteSwiftPackageReference "apollo-ios" */ = {
			isa = XCRemoteSwiftPackageReference;
			repositoryURL = "https://github.com/apollographql/apollo-ios";
			requirement = {
				kind = upToNextMinorVersion;
				minimumVersion = 0.49.0;
			};
		};
		0E7D2F4A2738F9EC0056DE92 /* XCRemoteSwiftPackageReference "facebook-ios-sdk" */ = {
			isa = XCRemoteSwiftPackageReference;
			repositoryURL = "https://github.com/facebook/facebook-ios-sdk";
			requirement = {
				kind = upToNextMajorVersion;
				minimumVersion = 9.0.0;
			};
		};
		0EB96C272738AB1B00C9A656 /* XCRemoteSwiftPackageReference "firebase-ios-sdk" */ = {
			isa = XCRemoteSwiftPackageReference;
			repositoryURL = "https://github.com/firebase/firebase-ios-sdk.git";
			requirement = {
				kind = upToNextMajorVersion;
				minimumVersion = 8.0.0;
			};
		};
		0EB96C2A2738ABA000C9A656 /* XCRemoteSwiftPackageReference "GoogleSignIn-iOS" */ = {
			isa = XCRemoteSwiftPackageReference;
			repositoryURL = "https://github.com/google/GoogleSignIn-iOS";
			requirement = {
				branch = main;
				kind = branch;
			};
		};
/* End XCRemoteSwiftPackageReference section */

/* Begin XCSwiftPackageProductDependency section */
		0E04F2E62738EB6E00C29649 /* FirebaseAuth */ = {
			isa = XCSwiftPackageProductDependency;
			package = 0EB96C272738AB1B00C9A656 /* XCRemoteSwiftPackageReference "firebase-ios-sdk" */;
			productName = FirebaseAuth;
		};
		0E7D2F4B2738F9EC0056DE92 /* FacebookLogin */ = {
			isa = XCSwiftPackageProductDependency;
			package = 0E7D2F4A2738F9EC0056DE92 /* XCRemoteSwiftPackageReference "facebook-ios-sdk" */;
			productName = FacebookLogin;
		};
		0E804026274B6A8B0086DA03 /* Apollo */ = {
			isa = XCSwiftPackageProductDependency;
			package = 0E5233E1274B2351008B1CB0 /* XCRemoteSwiftPackageReference "apollo-ios" */;
			productName = Apollo;
		};
		0E80402A274B85420086DA03 /* FirebaseMessaging */ = {
			isa = XCSwiftPackageProductDependency;
			package = 0EB96C272738AB1B00C9A656 /* XCRemoteSwiftPackageReference "firebase-ios-sdk" */;
			productName = FirebaseMessaging;
		};
		0EB96C2B2738ABA100C9A656 /* GoogleSignIn */ = {
			isa = XCSwiftPackageProductDependency;
			package = 0EB96C2A2738ABA000C9A656 /* XCRemoteSwiftPackageReference "GoogleSignIn-iOS" */;
			productName = GoogleSignIn;
		};
/* End XCSwiftPackageProductDependency section */
	};
	rootObject = 0E0500222735F72E00D7FFCD /* Project object */;
}
